
Microsoft Visual Studio Solution File, Format Version 12.00
# Visual Studio Version 17
VisualStudioVersion = 17.14.37314.3 d17.14
MinimumVisualStudioVersion = 10.0.40219.1
Project("{C9674DCB-5085-4A16-B785-4C70DD1589BD}") = "Integration Services NorthWndDW", "Integration Services NorthWndDW.dtproj", "{84C3C411-A8D3-02DB-904B-4D99C1B197E4}"
EndProject
Global
	GlobalSection(SolutionConfigurationPlatforms) = preSolution
		Development|Default = Development|Default
	EndGlobalSection
	GlobalSection(ProjectConfigurationPlatforms) = postSolution
		{84C3C411-A8D3-02DB-904B-4D99C1B197E4}.Development|Default.ActiveCfg = Development
		{84C3C411-A8D3-02DB-904B-4D99C1B197E4}.Development|Default.Build.0 = Development
	EndGlobalSection
	GlobalSection(SolutionProperties) = preSolution
		HideSolutionNode = FALSE
	EndGlobalSection
	GlobalSection(ExtensibilityGlobals) = postSolution
		SolutionGuid = {5ED2335F-6343-4D3A-B9FA-F611CDC2C25B}
	EndGlobalSection
EndGlobal
